{
  "version": 4,
  "terraform_version": "1.7.5",
  "serial": 24,
  "lineage": "8d89c96f-854d-e06b-5664-95bfb1bcef13",
  "outputs": {},
  "resources": [
    {
      "mode": "managed",
      "type": "azurerm_availability_set",
      "name": "aset",
      "provider": "provider[\"registry.terraform.io/hashicorp/azurerm\"]",
      "instances": [
        {
          "schema_version": 0,
          "attributes": {
            "id": "/subscriptions/0eda5b5d-565f-444b-8f43-5c989520b42e/resourceGroups/RG-35/providers/Microsoft.Compute/availabilitySets/av-01",
            "location": "eastus",
            "managed": true,
            "name": "av-01",
            "platform_fault_domain_count": 3,
            "platform_update_domain_count": 5,
            "proximity_placement_group_id": null,
            "resource_group_name": "RG-35",
            "tags": null,
            "timeouts": null
          },
          "sensitive_attributes": [],
          "private": "eyJlMmJmYjczMC1lY2FhLTExZTYtOGY4OC0zNDM2M2JjN2M0YzAiOnsiY3JlYXRlIjoxODAwMDAwMDAwMDAwLCJkZWxldGUiOjE4MDAwMDAwMDAwMDAsInJlYWQiOjMwMDAwMDAwMDAwMCwidXBkYXRlIjoxODAwMDAwMDAwMDAwfX0=",
          "dependencies": [
            "azurerm_resource_group.RG"
          ]
        }
      ]
    },
    {
      "mode": "managed",
      "type": "azurerm_lb",
      "name": "ALB",
      "provider": "provider[\"registry.terraform.io/hashicorp/azurerm\"]",
      "instances": [
        {
          "schema_version": 0,
          "attributes": {
            "edge_zone": "",
            "frontend_ip_configuration": [
              {
                "gateway_load_balancer_frontend_ip_configuration_id": "",
                "id": "/subscriptions/0eda5b5d-565f-444b-8f43-5c989520b42e/resourceGroups/RG-35/providers/Microsoft.Network/loadBalancers/My-load-balancer/frontendIPConfigurations/my-frontend-ip",
                "inbound_nat_rules": [],
                "load_balancer_rules": [],
                "name": "my-frontend-ip",
                "outbound_rules": [],
                "private_ip_address": "",
                "private_ip_address_allocation": "Dynamic",
                "private_ip_address_version": "",
                "public_ip_address_id": "/subscriptions/0eda5b5d-565f-444b-8f43-5c989520b42e/resourceGroups/RG-35/providers/Microsoft.Network/publicIPAddresses/Public-00",
                "public_ip_prefix_id": "",
                "subnet_id": "",
                "zones": null
              }
            ],
            "id": "/subscriptions/0eda5b5d-565f-444b-8f43-5c989520b42e/resourceGroups/RG-35/providers/Microsoft.Network/loadBalancers/My-load-balancer",
            "location": "eastus",
            "name": "My-load-balancer",
            "private_ip_address": "",
            "private_ip_addresses": [],
            "resource_group_name": "RG-35",
            "sku": "Basic",
            "sku_tier": "Regional",
            "tags": null,
            "timeouts": null
          },
          "sensitive_attributes": [],
          "private": "eyJlMmJmYjczMC1lY2FhLTExZTYtOGY4OC0zNDM2M2JjN2M0YzAiOnsiY3JlYXRlIjoxODAwMDAwMDAwMDAwLCJkZWxldGUiOjE4MDAwMDAwMDAwMDAsInJlYWQiOjMwMDAwMDAwMDAwMCwidXBkYXRlIjoxODAwMDAwMDAwMDAwfX0=",
          "dependencies": [
            "azurerm_public_ip.PIP-01",
            "azurerm_resource_group.RG"
          ]
        }
      ]
    },
    {
      "mode": "managed",
      "type": "azurerm_lb_backend_address_pool",
      "name": "Bpool",
      "provider": "provider[\"registry.terraform.io/hashicorp/azurerm\"]",
      "instances": [
        {
          "schema_version": 0,
          "attributes": {
            "backend_ip_configurations": [],
            "id": "/subscriptions/0eda5b5d-565f-444b-8f43-5c989520b42e/resourceGroups/RG-35/providers/Microsoft.Network/loadBalancers/My-load-balancer/backendAddressPools/Bpool",
            "inbound_nat_rules": [],
            "load_balancing_rules": [],
            "loadbalancer_id": "/subscriptions/0eda5b5d-565f-444b-8f43-5c989520b42e/resourceGroups/RG-35/providers/Microsoft.Network/loadBalancers/My-load-balancer",
            "name": "Bpool",
            "outbound_rules": [],
            "timeouts": null,
            "tunnel_interface": [],
            "virtual_network_id": ""
          },
          "sensitive_attributes": [],
          "private": "eyJlMmJmYjczMC1lY2FhLTExZTYtOGY4OC0zNDM2M2JjN2M0YzAiOnsiY3JlYXRlIjoxODAwMDAwMDAwMDAwLCJkZWxldGUiOjE4MDAwMDAwMDAwMDAsInJlYWQiOjMwMDAwMDAwMDAwMCwidXBkYXRlIjoxODAwMDAwMDAwMDAwfX0=",
          "dependencies": [
            "azurerm_availability_set.aset",
            "azurerm_lb.ALB",
            "azurerm_public_ip.PIP-01",
            "azurerm_resource_group.RG"
          ]
        }
      ]
    },
    {
      "mode": "managed",
      "type": "azurerm_lb_probe",
      "name": "HP",
      "provider": "provider[\"registry.terraform.io/hashicorp/azurerm\"]",
      "instances": [
        {
          "schema_version": 0,
          "attributes": {
            "id": "/subscriptions/0eda5b5d-565f-444b-8f43-5c989520b42e/resourceGroups/RG-35/providers/Microsoft.Network/loadBalancers/My-load-balancer/probes/Hp-01",
            "interval_in_seconds": 15,
            "load_balancer_rules": [],
            "loadbalancer_id": "/subscriptions/0eda5b5d-565f-444b-8f43-5c989520b42e/resourceGroups/RG-35/providers/Microsoft.Network/loadBalancers/My-load-balancer",
            "name": "Hp-01",
            "number_of_probes": 2,
            "port": 80,
            "probe_threshold": 1,
            "protocol": "Tcp",
            "request_path": "",
            "timeouts": null
          },
          "sensitive_attributes": [],
          "private": "eyJlMmJmYjczMC1lY2FhLTExZTYtOGY4OC0zNDM2M2JjN2M0YzAiOnsiY3JlYXRlIjoxODAwMDAwMDAwMDAwLCJkZWxldGUiOjE4MDAwMDAwMDAwMDAsInJlYWQiOjMwMDAwMDAwMDAwMCwidXBkYXRlIjoxODAwMDAwMDAwMDAwfX0=",
          "dependencies": [
            "azurerm_availability_set.aset",
            "azurerm_lb.ALB",
            "azurerm_public_ip.PIP-01",
            "azurerm_resource_group.RG"
          ]
        }
      ]
    },
    {
      "mode": "managed",
      "type": "azurerm_lb_rule",
      "name": "LB-rule",
      "provider": "provider[\"registry.terraform.io/hashicorp/azurerm\"]",
      "instances": [
        {
          "schema_version": 0,
          "attributes": {
            "backend_address_pool_ids": [
              "/subscriptions/0eda5b5d-565f-444b-8f43-5c989520b42e/resourceGroups/RG-35/providers/Microsoft.Network/loadBalancers/My-load-balancer/backendAddressPools/Bpool"
            ],
            "backend_port": 80,
            "disable_outbound_snat": false,
            "enable_floating_ip": false,
            "enable_tcp_reset": false,
            "frontend_ip_configuration_id": "/subscriptions/0eda5b5d-565f-444b-8f43-5c989520b42e/resourceGroups/RG-35/providers/Microsoft.Network/loadBalancers/My-load-balancer/frontendIPConfigurations/my-frontend-ip",
            "frontend_ip_configuration_name": "my-frontend-ip",
            "frontend_port": 80,
            "id": "/subscriptions/0eda5b5d-565f-444b-8f43-5c989520b42e/resourceGroups/RG-35/providers/Microsoft.Network/loadBalancers/My-load-balancer/loadBalancingRules/LBRule",
            "idle_timeout_in_minutes": 4,
            "load_distribution": "Default",
            "loadbalancer_id": "/subscriptions/0eda5b5d-565f-444b-8f43-5c989520b42e/resourceGroups/RG-35/providers/Microsoft.Network/loadBalancers/My-load-balancer",
            "name": "LBRule",
            "probe_id": "/subscriptions/0eda5b5d-565f-444b-8f43-5c989520b42e/resourceGroups/RG-35/providers/Microsoft.Network/loadBalancers/My-load-balancer/probes/Hp-01",
            "protocol": "Tcp",
            "timeouts": null
          },
          "sensitive_attributes": [],
          "private": "eyJlMmJmYjczMC1lY2FhLTExZTYtOGY4OC0zNDM2M2JjN2M0YzAiOnsiY3JlYXRlIjoxODAwMDAwMDAwMDAwLCJkZWxldGUiOjE4MDAwMDAwMDAwMDAsInJlYWQiOjMwMDAwMDAwMDAwMCwidXBkYXRlIjoxODAwMDAwMDAwMDAwfX0=",
          "dependencies": [
            "azurerm_availability_set.aset",
            "azurerm_lb.ALB",
            "azurerm_lb_backend_address_pool.Bpool",
            "azurerm_lb_probe.HP",
            "azurerm_public_ip.PIP-01",
            "azurerm_resource_group.RG"
          ]
        }
      ]
    },
    {
      "mode": "managed",
      "type": "azurerm_linux_virtual_machine",
      "name": "VM",
      "provider": "provider[\"registry.terraform.io/hashicorp/azurerm\"]",
      "instances": [
        {
          "schema_version": 0,
          "attributes": {
            "additional_capabilities": [],
            "admin_password": "Rocky@\u0026*999",
            "admin_ssh_key": [],
            "admin_username": "azadmin",
            "allow_extension_operations": true,
            "availability_set_id": "/subscriptions/0eda5b5d-565f-444b-8f43-5c989520b42e/resourceGroups/RG-35/providers/Microsoft.Compute/availabilitySets/AV-01",
            "boot_diagnostics": [],
            "bypass_platform_safety_checks_on_user_schedule_enabled": false,
            "capacity_reservation_group_id": "",
            "computer_name": "hostname",
            "custom_data": null,
            "dedicated_host_group_id": "",
            "dedicated_host_id": "",
            "disable_password_authentication": false,
            "disk_controller_type": "",
            "edge_zone": "",
            "encryption_at_host_enabled": false,
            "eviction_policy": "",
            "extensions_time_budget": "PT1H30M",
            "gallery_application": [],
            "id": "/subscriptions/0eda5b5d-565f-444b-8f43-5c989520b42e/resourceGroups/RG-35/providers/Microsoft.Compute/virtualMachines/VM-01",
            "identity": [],
            "license_type": "",
            "location": "eastus",
            "max_bid_price": -1,
            "name": "VM-01",
            "network_interface_ids": [
              "/subscriptions/0eda5b5d-565f-444b-8f43-5c989520b42e/resourceGroups/RG-35/providers/Microsoft.Network/networkInterfaces/Nic-card"
            ],
            "os_disk": [
              {
                "caching": "ReadWrite",
                "diff_disk_settings": [],
                "disk_encryption_set_id": "",
                "disk_size_gb": 30,
                "name": "myOsDisk",
                "secure_vm_disk_encryption_set_id": "",
                "security_encryption_type": "",
                "storage_account_type": "Standard_LRS",
                "write_accelerator_enabled": false
              }
            ],
            "os_image_notification": [],
            "patch_assessment_mode": "ImageDefault",
            "patch_mode": "ImageDefault",
            "plan": [],
            "platform_fault_domain": -1,
            "priority": "Regular",
            "private_ip_address": "10.2.45.4",
            "private_ip_addresses": [
              "10.2.45.4"
            ],
            "provision_vm_agent": true,
            "proximity_placement_group_id": "",
            "public_ip_address": "40.76.83.200",
            "public_ip_addresses": [
              "40.76.83.200"
            ],
            "reboot_setting": "",
            "resource_group_name": "RG-35",
            "secret": [],
            "secure_boot_enabled": false,
            "size": "Standard_B1s",
            "source_image_id": "",
            "source_image_reference": [
              {
                "offer": "0001-com-ubuntu-server-jammy",
                "publisher": "canonical",
                "sku": "22_04-lts",
                "version": "latest"
              }
            ],
            "tags": null,
            "termination_notification": null,
            "timeouts": null,
            "user_data": "",
            "virtual_machine_id": "e39fce1a-8e2e-461b-953d-b57fa7827cd4",
            "virtual_machine_scale_set_id": "",
            "vm_agent_platform_updates_enabled": false,
            "vtpm_enabled": false,
            "zone": ""
          },
          "sensitive_attributes": [],
          "private": "eyJlMmJmYjczMC1lY2FhLTExZTYtOGY4OC0zNDM2M2JjN2M0YzAiOnsiY3JlYXRlIjoyNzAwMDAwMDAwMDAwLCJkZWxldGUiOjI3MDAwMDAwMDAwMDAsInJlYWQiOjMwMDAwMDAwMDAwMCwidXBkYXRlIjoyNzAwMDAwMDAwMDAwfX0=",
          "dependencies": [
            "azurerm_availability_set.aset",
            "azurerm_network_interface.Nic",
            "azurerm_public_ip.PIP",
            "azurerm_resource_group.RG",
            "azurerm_subnet.Snet",
            "azurerm_virtual_network.vnet"
          ]
        }
      ]
    },
    {
      "mode": "managed",
      "type": "azurerm_linux_virtual_machine",
      "name": "VM-02",
      "provider": "provider[\"registry.terraform.io/hashicorp/azurerm\"]",
      "instances": [
        {
          "schema_version": 0,
          "attributes": {
            "additional_capabilities": [],
            "admin_password": "Rocky@\u0026*999",
            "admin_ssh_key": [],
            "admin_username": "azadmin",
            "allow_extension_operations": true,
            "availability_set_id": "/subscriptions/0eda5b5d-565f-444b-8f43-5c989520b42e/resourceGroups/RG-35/providers/Microsoft.Compute/availabilitySets/AV-01",
            "boot_diagnostics": [],
            "bypass_platform_safety_checks_on_user_schedule_enabled": false,
            "capacity_reservation_group_id": "",
            "computer_name": "hostname",
            "custom_data": null,
            "dedicated_host_group_id": "",
            "dedicated_host_id": "",
            "disable_password_authentication": false,
            "disk_controller_type": "",
            "edge_zone": "",
            "encryption_at_host_enabled": false,
            "eviction_policy": "",
            "extensions_time_budget": "PT1H30M",
            "gallery_application": [],
            "id": "/subscriptions/0eda5b5d-565f-444b-8f43-5c989520b42e/resourceGroups/RG-35/providers/Microsoft.Compute/virtualMachines/VM-02",
            "identity": [],
            "license_type": "",
            "location": "eastus",
            "max_bid_price": -1,
            "name": "VM-02",
            "network_interface_ids": [
              "/subscriptions/0eda5b5d-565f-444b-8f43-5c989520b42e/resourceGroups/RG-35/providers/Microsoft.Network/networkInterfaces/Nic-02"
            ],
            "os_disk": [
              {
                "caching": "ReadWrite",
                "diff_disk_settings": [],
                "disk_encryption_set_id": "",
                "disk_size_gb": 30,
                "name": "MY-Os-Disk",
                "secure_vm_disk_encryption_set_id": "",
                "security_encryption_type": "",
                "storage_account_type": "Standard_LRS",
                "write_accelerator_enabled": false
              }
            ],
            "os_image_notification": [],
            "patch_assessment_mode": "ImageDefault",
            "patch_mode": "ImageDefault",
            "plan": [],
            "platform_fault_domain": -1,
            "priority": "Regular",
            "private_ip_address": "10.2.46.4",
            "private_ip_addresses": [
              "10.2.46.4"
            ],
            "provision_vm_agent": true,
            "proximity_placement_group_id": "",
            "public_ip_address": "40.76.83.195",
            "public_ip_addresses": [
              "40.76.83.195"
            ],
            "reboot_setting": "",
            "resource_group_name": "RG-35",
            "secret": [],
            "secure_boot_enabled": false,
            "size": "Standard_B1s",
            "source_image_id": "",
            "source_image_reference": [
              {
                "offer": "0001-com-ubuntu-server-jammy",
                "publisher": "canonical",
                "sku": "22_04-lts",
                "version": "latest"
              }
            ],
            "tags": null,
            "termination_notification": null,
            "timeouts": null,
            "user_data": "",
            "virtual_machine_id": "e9906b8b-eb01-46d6-bcbd-284eda548a09",
            "virtual_machine_scale_set_id": "",
            "vm_agent_platform_updates_enabled": false,
            "vtpm_enabled": false,
            "zone": ""
          },
          "sensitive_attributes": [],
          "private": "eyJlMmJmYjczMC1lY2FhLTExZTYtOGY4OC0zNDM2M2JjN2M0YzAiOnsiY3JlYXRlIjoyNzAwMDAwMDAwMDAwLCJkZWxldGUiOjI3MDAwMDAwMDAwMDAsInJlYWQiOjMwMDAwMDAwMDAwMCwidXBkYXRlIjoyNzAwMDAwMDAwMDAwfX0=",
          "dependencies": [
            "azurerm_availability_set.aset",
            "azurerm_network_interface.Nic",
            "azurerm_network_interface.Nic-02",
            "azurerm_network_security_group.NSG",
            "azurerm_public_ip.PIP",
            "azurerm_resource_group.RG",
            "azurerm_subnet.Snet",
            "azurerm_subnet_network_security_group_association.nsgassociation",
            "azurerm_subnet_network_security_group_association.nsgassociation2",
            "azurerm_virtual_network.vnet"
          ]
        }
      ]
    },
    {
      "mode": "managed",
      "type": "azurerm_network_interface",
      "name": "Nic",
      "provider": "provider[\"registry.terraform.io/hashicorp/azurerm\"]",
      "instances": [
        {
          "schema_version": 0,
          "attributes": {
            "applied_dns_servers": [],
            "auxiliary_mode": "",
            "auxiliary_sku": "",
            "dns_servers": [],
            "edge_zone": "",
            "enable_accelerated_networking": false,
            "enable_ip_forwarding": false,
            "id": "/subscriptions/0eda5b5d-565f-444b-8f43-5c989520b42e/resourceGroups/RG-35/providers/Microsoft.Network/networkInterfaces/Nic-card",
            "internal_dns_name_label": "",
            "internal_domain_name_suffix": "fdq2nffjrx5ehedgcrvp4sjk4h.bx.internal.cloudapp.net",
            "ip_configuration": [
              {
                "gateway_load_balancer_frontend_ip_configuration_id": "",
                "name": "ipconfig",
                "primary": true,
                "private_ip_address": "10.2.45.4",
                "private_ip_address_allocation": "Dynamic",
                "private_ip_address_version": "IPv4",
                "public_ip_address_id": "/subscriptions/0eda5b5d-565f-444b-8f43-5c989520b42e/resourceGroups/RG-35/providers/Microsoft.Network/publicIPAddresses/public-ip",
                "subnet_id": "/subscriptions/0eda5b5d-565f-444b-8f43-5c989520b42e/resourceGroups/RG-35/providers/Microsoft.Network/virtualNetworks/Vnet-08/subnets/subnet-01"
              }
            ],
            "location": "eastus",
            "mac_address": "",
            "name": "Nic-card",
            "private_ip_address": "10.2.45.4",
            "private_ip_addresses": [
              "10.2.45.4"
            ],
            "resource_group_name": "RG-35",
            "tags": null,
            "timeouts": null,
            "virtual_machine_id": ""
          },
          "sensitive_attributes": [],
          "private": "eyJlMmJmYjczMC1lY2FhLTExZTYtOGY4OC0zNDM2M2JjN2M0YzAiOnsiY3JlYXRlIjoxODAwMDAwMDAwMDAwLCJkZWxldGUiOjE4MDAwMDAwMDAwMDAsInJlYWQiOjMwMDAwMDAwMDAwMCwidXBkYXRlIjoxODAwMDAwMDAwMDAwfX0=",
          "dependencies": [
            "azurerm_public_ip.PIP",
            "azurerm_resource_group.RG",
            "azurerm_subnet.Snet",
            "azurerm_virtual_network.vnet"
          ]
        }
      ]
    },
    {
      "mode": "managed",
      "type": "azurerm_network_interface",
      "name": "Nic-02",
      "provider": "provider[\"registry.terraform.io/hashicorp/azurerm\"]",
      "instances": [
        {
          "schema_version": 0,
          "attributes": {
            "applied_dns_servers": [],
            "auxiliary_mode": "",
            "auxiliary_sku": "",
            "dns_servers": [],
            "edge_zone": "",
            "enable_accelerated_networking": false,
            "enable_ip_forwarding": false,
            "id": "/subscriptions/0eda5b5d-565f-444b-8f43-5c989520b42e/resourceGroups/RG-35/providers/Microsoft.Network/networkInterfaces/Nic-02",
            "internal_dns_name_label": "",
            "internal_domain_name_suffix": "fdq2nffjrx5ehedgcrvp4sjk4h.bx.internal.cloudapp.net",
            "ip_configuration": [
              {
                "gateway_load_balancer_frontend_ip_configuration_id": "",
                "name": "ipconfig",
                "primary": true,
                "private_ip_address": "10.2.46.4",
                "private_ip_address_allocation": "Dynamic",
                "private_ip_address_version": "IPv4",
                "public_ip_address_id": "/subscriptions/0eda5b5d-565f-444b-8f43-5c989520b42e/resourceGroups/RG-35/providers/Microsoft.Network/publicIPAddresses/publicip-02",
                "subnet_id": "/subscriptions/0eda5b5d-565f-444b-8f43-5c989520b42e/resourceGroups/RG-35/providers/Microsoft.Network/virtualNetworks/Vnet-08/subnets/subnet-02"
              }
            ],
            "location": "eastus",
            "mac_address": "",
            "name": "Nic-02",
            "private_ip_address": "10.2.46.4",
            "private_ip_addresses": [
              "10.2.46.4"
            ],
            "resource_group_name": "RG-35",
            "tags": null,
            "timeouts": null,
            "virtual_machine_id": ""
          },
          "sensitive_attributes": [],
          "private": "eyJlMmJmYjczMC1lY2FhLTExZTYtOGY4OC0zNDM2M2JjN2M0YzAiOnsiY3JlYXRlIjoxODAwMDAwMDAwMDAwLCJkZWxldGUiOjE4MDAwMDAwMDAwMDAsInJlYWQiOjMwMDAwMDAwMDAwMCwidXBkYXRlIjoxODAwMDAwMDAwMDAwfX0=",
          "dependencies": [
            "azurerm_network_interface.Nic",
            "azurerm_public_ip.PIP",
            "azurerm_resource_group.RG",
            "azurerm_subnet.Snet",
            "azurerm_virtual_network.vnet"
          ]
        }
      ]
    },
    {
      "mode": "managed",
      "type": "azurerm_network_interface_backend_address_pool_association",
      "name": "BP-01",
      "provider": "provider[\"registry.terraform.io/hashicorp/azurerm\"]",
      "instances": [
        {
          "schema_version": 0,
          "attributes": {
            "backend_address_pool_id": "/subscriptions/0eda5b5d-565f-444b-8f43-5c989520b42e/resourceGroups/RG-35/providers/Microsoft.Network/loadBalancers/My-load-balancer/backendAddressPools/Bpool",
            "id": "/subscriptions/0eda5b5d-565f-444b-8f43-5c989520b42e/resourceGroups/RG-35/providers/Microsoft.Network/networkInterfaces/Nic-card/ipConfigurations/ipconfig|/subscriptions/0eda5b5d-565f-444b-8f43-5c989520b42e/resourceGroups/RG-35/providers/Microsoft.Network/loadBalancers/My-load-balancer/backendAddressPools/Bpool",
            "ip_configuration_name": "ipconfig",
            "network_interface_id": "/subscriptions/0eda5b5d-565f-444b-8f43-5c989520b42e/resourceGroups/RG-35/providers/Microsoft.Network/networkInterfaces/Nic-card",
            "timeouts": null
          },
          "sensitive_attributes": [],
          "private": "eyJlMmJmYjczMC1lY2FhLTExZTYtOGY4OC0zNDM2M2JjN2M0YzAiOnsiY3JlYXRlIjoxODAwMDAwMDAwMDAwLCJkZWxldGUiOjE4MDAwMDAwMDAwMDAsInJlYWQiOjMwMDAwMDAwMDAwMH19",
          "dependencies": [
            "azurerm_availability_set.aset",
            "azurerm_lb.ALB",
            "azurerm_lb_backend_address_pool.Bpool",
            "azurerm_network_interface.Nic",
            "azurerm_public_ip.PIP",
            "azurerm_public_ip.PIP-01",
            "azurerm_resource_group.RG",
            "azurerm_subnet.Snet",
            "azurerm_virtual_network.vnet"
          ]
        }
      ]
    },
    {
      "mode": "managed",
      "type": "azurerm_network_interface_backend_address_pool_association",
      "name": "BP-02",
      "provider": "provider[\"registry.terraform.io/hashicorp/azurerm\"]",
      "instances": [
        {
          "schema_version": 0,
          "attributes": {
            "backend_address_pool_id": "/subscriptions/0eda5b5d-565f-444b-8f43-5c989520b42e/resourceGroups/RG-35/providers/Microsoft.Network/loadBalancers/My-load-balancer/backendAddressPools/Bpool",
            "id": "/subscriptions/0eda5b5d-565f-444b-8f43-5c989520b42e/resourceGroups/RG-35/providers/Microsoft.Network/networkInterfaces/Nic-02/ipConfigurations/ipconfig|/subscriptions/0eda5b5d-565f-444b-8f43-5c989520b42e/resourceGroups/RG-35/providers/Microsoft.Network/loadBalancers/My-load-balancer/backendAddressPools/Bpool",
            "ip_configuration_name": "ipconfig",
            "network_interface_id": "/subscriptions/0eda5b5d-565f-444b-8f43-5c989520b42e/resourceGroups/RG-35/providers/Microsoft.Network/networkInterfaces/Nic-02",
            "timeouts": null
          },
          "sensitive_attributes": [],
          "private": "eyJlMmJmYjczMC1lY2FhLTExZTYtOGY4OC0zNDM2M2JjN2M0YzAiOnsiY3JlYXRlIjoxODAwMDAwMDAwMDAwLCJkZWxldGUiOjE4MDAwMDAwMDAwMDAsInJlYWQiOjMwMDAwMDAwMDAwMH19",
          "dependencies": [
            "azurerm_availability_set.aset",
            "azurerm_lb.ALB",
            "azurerm_lb_backend_address_pool.Bpool",
            "azurerm_network_interface.Nic",
            "azurerm_network_interface.Nic-02",
            "azurerm_network_interface_backend_address_pool_association.BP-01",
            "azurerm_public_ip.PIP",
            "azurerm_public_ip.PIP-01",
            "azurerm_resource_group.RG",
            "azurerm_subnet.Snet",
            "azurerm_virtual_network.vnet"
          ]
        }
      ]
    },
    {
      "mode": "managed",
      "type": "azurerm_network_security_group",
      "name": "NSG",
      "provider": "provider[\"registry.terraform.io/hashicorp/azurerm\"]",
      "instances": [
        {
          "schema_version": 0,
          "attributes": {
            "id": "/subscriptions/0eda5b5d-565f-444b-8f43-5c989520b42e/resourceGroups/RG-35/providers/Microsoft.Network/networkSecurityGroups/NSG-08",
            "location": "eastus",
            "name": "NSG-08",
            "resource_group_name": "RG-35",
            "security_rule": [
              {
                "access": "Allow",
                "description": "",
                "destination_address_prefix": "*",
                "destination_address_prefixes": [],
                "destination_application_security_group_ids": [],
                "destination_port_range": "*",
                "destination_port_ranges": [],
                "direction": "Inbound",
                "name": "NSG-123",
                "priority": 100,
                "protocol": "Tcp",
                "source_address_prefix": "*",
                "source_address_prefixes": [],
                "source_application_security_group_ids": [],
                "source_port_range": "*",
                "source_port_ranges": []
              }
            ],
            "tags": null,
            "timeouts": null
          },
          "sensitive_attributes": [],
          "private": "eyJlMmJmYjczMC1lY2FhLTExZTYtOGY4OC0zNDM2M2JjN2M0YzAiOnsiY3JlYXRlIjoxODAwMDAwMDAwMDAwLCJkZWxldGUiOjE4MDAwMDAwMDAwMDAsInJlYWQiOjMwMDAwMDAwMDAwMCwidXBkYXRlIjoxODAwMDAwMDAwMDAwfX0=",
          "dependencies": [
            "azurerm_network_interface.Nic",
            "azurerm_public_ip.PIP",
            "azurerm_resource_group.RG",
            "azurerm_subnet.Snet",
            "azurerm_virtual_network.vnet"
          ]
        }
      ]
    },
    {
      "mode": "managed",
      "type": "azurerm_public_ip",
      "name": "PIP",
      "provider": "provider[\"registry.terraform.io/hashicorp/azurerm\"]",
      "instances": [
        {
          "index_key": 0,
          "schema_version": 0,
          "attributes": {
            "allocation_method": "Static",
            "ddos_protection_mode": "VirtualNetworkInherited",
            "ddos_protection_plan_id": null,
            "domain_name_label": null,
            "edge_zone": "",
            "fqdn": null,
            "id": "/subscriptions/0eda5b5d-565f-444b-8f43-5c989520b42e/resourceGroups/RG-35/providers/Microsoft.Network/publicIPAddresses/public-ip",
            "idle_timeout_in_minutes": 4,
            "ip_address": "40.76.83.200",
            "ip_tags": null,
            "ip_version": "IPv4",
            "location": "eastus",
            "name": "public-ip",
            "public_ip_prefix_id": null,
            "resource_group_name": "RG-35",
            "reverse_fqdn": null,
            "sku": "Basic",
            "sku_tier": "Regional",
            "tags": null,
            "timeouts": null,
            "zones": null
          },
          "sensitive_attributes": [],
          "private": "eyJlMmJmYjczMC1lY2FhLTExZTYtOGY4OC0zNDM2M2JjN2M0YzAiOnsiY3JlYXRlIjoxODAwMDAwMDAwMDAwLCJkZWxldGUiOjE4MDAwMDAwMDAwMDAsInJlYWQiOjMwMDAwMDAwMDAwMCwidXBkYXRlIjoxODAwMDAwMDAwMDAwfX0=",
          "dependencies": [
            "azurerm_resource_group.RG",
            "azurerm_subnet.Snet",
            "azurerm_virtual_network.vnet"
          ]
        },
        {
          "index_key": 1,
          "schema_version": 0,
          "attributes": {
            "allocation_method": "Static",
            "ddos_protection_mode": "VirtualNetworkInherited",
            "ddos_protection_plan_id": null,
            "domain_name_label": null,
            "edge_zone": "",
            "fqdn": null,
            "id": "/subscriptions/0eda5b5d-565f-444b-8f43-5c989520b42e/resourceGroups/RG-35/providers/Microsoft.Network/publicIPAddresses/publicip-02",
            "idle_timeout_in_minutes": 4,
            "ip_address": "40.76.83.195",
            "ip_tags": null,
            "ip_version": "IPv4",
            "location": "eastus",
            "name": "publicip-02",
            "public_ip_prefix_id": null,
            "resource_group_name": "RG-35",
            "reverse_fqdn": null,
            "sku": "Basic",
            "sku_tier": "Regional",
            "tags": null,
            "timeouts": null,
            "zones": null
          },
          "sensitive_attributes": [],
          "private": "eyJlMmJmYjczMC1lY2FhLTExZTYtOGY4OC0zNDM2M2JjN2M0YzAiOnsiY3JlYXRlIjoxODAwMDAwMDAwMDAwLCJkZWxldGUiOjE4MDAwMDAwMDAwMDAsInJlYWQiOjMwMDAwMDAwMDAwMCwidXBkYXRlIjoxODAwMDAwMDAwMDAwfX0=",
          "dependencies": [
            "azurerm_resource_group.RG",
            "azurerm_subnet.Snet",
            "azurerm_virtual_network.vnet"
          ]
        }
      ]
    },
    {
      "mode": "managed",
      "type": "azurerm_public_ip",
      "name": "PIP-01",
      "provider": "provider[\"registry.terraform.io/hashicorp/azurerm\"]",
      "instances": [
        {
          "schema_version": 0,
          "attributes": {
            "allocation_method": "Static",
            "ddos_protection_mode": "VirtualNetworkInherited",
            "ddos_protection_plan_id": null,
            "domain_name_label": null,
            "edge_zone": "",
            "fqdn": null,
            "id": "/subscriptions/0eda5b5d-565f-444b-8f43-5c989520b42e/resourceGroups/RG-35/providers/Microsoft.Network/publicIPAddresses/Public-00",
            "idle_timeout_in_minutes": 4,
            "ip_address": "40.76.80.179",
            "ip_tags": null,
            "ip_version": "IPv4",
            "location": "eastus",
            "name": "Public-00",
            "public_ip_prefix_id": null,
            "resource_group_name": "RG-35",
            "reverse_fqdn": null,
            "sku": "Basic",
            "sku_tier": "Regional",
            "tags": null,
            "timeouts": null,
            "zones": null
          },
          "sensitive_attributes": [],
          "private": "eyJlMmJmYjczMC1lY2FhLTExZTYtOGY4OC0zNDM2M2JjN2M0YzAiOnsiY3JlYXRlIjoxODAwMDAwMDAwMDAwLCJkZWxldGUiOjE4MDAwMDAwMDAwMDAsInJlYWQiOjMwMDAwMDAwMDAwMCwidXBkYXRlIjoxODAwMDAwMDAwMDAwfX0=",
          "dependencies": [
            "azurerm_resource_group.RG"
          ]
        }
      ]
    },
    {
      "mode": "managed",
      "type": "azurerm_resource_group",
      "name": "RG",
      "provider": "provider[\"registry.terraform.io/hashicorp/azurerm\"]",
      "instances": [
        {
          "schema_version": 0,
          "attributes": {
            "id": "/subscriptions/0eda5b5d-565f-444b-8f43-5c989520b42e/resourceGroups/RG-35",
            "location": "eastus",
            "managed_by": "",
            "name": "RG-35",
            "tags": null,
            "timeouts": null
          },
          "sensitive_attributes": [],
          "private": "eyJlMmJmYjczMC1lY2FhLTExZTYtOGY4OC0zNDM2M2JjN2M0YzAiOnsiY3JlYXRlIjo1NDAwMDAwMDAwMDAwLCJkZWxldGUiOjU0MDAwMDAwMDAwMDAsInJlYWQiOjMwMDAwMDAwMDAwMCwidXBkYXRlIjo1NDAwMDAwMDAwMDAwfX0="
        }
      ]
    },
    {
      "mode": "managed",
      "type": "azurerm_storage_account",
      "name": "storage",
      "provider": "provider[\"registry.terraform.io/hashicorp/azurerm\"]",
      "instances": [
        {
          "schema_version": 4,
          "attributes": {
            "access_tier": "Hot",
            "account_kind": "StorageV2",
            "account_replication_type": "LRS",
            "account_tier": "Standard",
            "allow_nested_items_to_be_public": true,
            "allowed_copy_scope": "",
            "azure_files_authentication": [],
            "blob_properties": [
              {
                "change_feed_enabled": false,
                "change_feed_retention_in_days": 0,
                "container_delete_retention_policy": [],
                "cors_rule": [],
                "default_service_version": "",
                "delete_retention_policy": [],
                "last_access_time_enabled": false,
                "restore_policy": [],
                "versioning_enabled": false
              }
            ],
            "cross_tenant_replication_enabled": true,
            "custom_domain": [],
            "customer_managed_key": [],
            "default_to_oauth_authentication": false,
            "dns_endpoint_type": "Standard",
            "edge_zone": "",
            "enable_https_traffic_only": true,
            "id": "/subscriptions/0eda5b5d-565f-444b-8f43-5c989520b42e/resourceGroups/RG-35/providers/Microsoft.Storage/storageAccounts/rockykgf9000908",
            "identity": [],
            "immutability_policy": [],
            "infrastructure_encryption_enabled": false,
            "is_hns_enabled": false,
            "large_file_share_enabled": null,
            "local_user_enabled": true,
            "location": "eastus",
            "min_tls_version": "TLS1_2",
            "name": "rockykgf9000908",
            "network_rules": [
              {
                "bypass": [
                  "AzureServices"
                ],
                "default_action": "Allow",
                "ip_rules": [],
                "private_link_access": [],
                "virtual_network_subnet_ids": []
              }
            ],
            "nfsv3_enabled": false,
            "primary_access_key": "nvl6f1AOJBMqRK9TKa0GD0CwoWmouReQYHCElWU2VFN6ZWn16V5LA7PosXJ/U6NRef0FUBysQZz3+AStVxY8EQ==",
            "primary_blob_connection_string": "DefaultEndpointsProtocol=https;BlobEndpoint=https://rockykgf9000908.blob.core.windows.net/;AccountName=rockykgf9000908;AccountKey=nvl6f1AOJBMqRK9TKa0GD0CwoWmouReQYHCElWU2VFN6ZWn16V5LA7PosXJ/U6NRef0FUBysQZz3+AStVxY8EQ==",
            "primary_blob_endpoint": "https://rockykgf9000908.blob.core.windows.net/",
            "primary_blob_host": "rockykgf9000908.blob.core.windows.net",
            "primary_blob_internet_endpoint": "",
            "primary_blob_internet_host": "",
            "primary_blob_microsoft_endpoint": "",
            "primary_blob_microsoft_host": "",
            "primary_connection_string": "DefaultEndpointsProtocol=https;AccountName=rockykgf9000908;AccountKey=nvl6f1AOJBMqRK9TKa0GD0CwoWmouReQYHCElWU2VFN6ZWn16V5LA7PosXJ/U6NRef0FUBysQZz3+AStVxY8EQ==;EndpointSuffix=core.windows.net",
            "primary_dfs_endpoint": "https://rockykgf9000908.dfs.core.windows.net/",
            "primary_dfs_host": "rockykgf9000908.dfs.core.windows.net",
            "primary_dfs_internet_endpoint": "",
            "primary_dfs_internet_host": "",
            "primary_dfs_microsoft_endpoint": "",
            "primary_dfs_microsoft_host": "",
            "primary_file_endpoint": "https://rockykgf9000908.file.core.windows.net/",
            "primary_file_host": "rockykgf9000908.file.core.windows.net",
            "primary_file_internet_endpoint": "",
            "primary_file_internet_host": "",
            "primary_file_microsoft_endpoint": "",
            "primary_file_microsoft_host": "",
            "primary_location": "eastus",
            "primary_queue_endpoint": "https://rockykgf9000908.queue.core.windows.net/",
            "primary_queue_host": "rockykgf9000908.queue.core.windows.net",
            "primary_queue_microsoft_endpoint": "",
            "primary_queue_microsoft_host": "",
            "primary_table_endpoint": "https://rockykgf9000908.table.core.windows.net/",
            "primary_table_host": "rockykgf9000908.table.core.windows.net",
            "primary_table_microsoft_endpoint": "",
            "primary_table_microsoft_host": "",
            "primary_web_endpoint": "https://rockykgf9000908.z13.web.core.windows.net/",
            "primary_web_host": "rockykgf9000908.z13.web.core.windows.net",
            "primary_web_internet_endpoint": "",
            "primary_web_internet_host": "",
            "primary_web_microsoft_endpoint": "",
            "primary_web_microsoft_host": "",
            "public_network_access_enabled": true,
            "queue_encryption_key_type": "Service",
            "queue_properties": [
              {
                "cors_rule": [],
                "hour_metrics": [
                  {
                    "enabled": true,
                    "include_apis": true,
                    "retention_policy_days": 7,
                    "version": "1.0"
                  }
                ],
                "logging": [
                  {
                    "delete": false,
                    "read": false,
                    "retention_policy_days": 0,
                    "version": "1.0",
                    "write": false
                  }
                ],
                "minute_metrics": [
                  {
                    "enabled": false,
                    "include_apis": false,
                    "retention_policy_days": 0,
                    "version": "1.0"
                  }
                ]
              }
            ],
            "resource_group_name": "RG-35",
            "routing": [],
            "sas_policy": [],
            "secondary_access_key": "UHghsyruzqvqDTIl6H374YszKVjR6V3MTDECc/WSppfNTngZROzcCaM2tt0N4nI1IgGy3bKa6mAI+ASt86qEiA==",
            "secondary_blob_connection_string": "",
            "secondary_blob_endpoint": null,
            "secondary_blob_host": null,
            "secondary_blob_internet_endpoint": null,
            "secondary_blob_internet_host": null,
            "secondary_blob_microsoft_endpoint": null,
            "secondary_blob_microsoft_host": null,
            "secondary_connection_string": "DefaultEndpointsProtocol=https;AccountName=rockykgf9000908;AccountKey=UHghsyruzqvqDTIl6H374YszKVjR6V3MTDECc/WSppfNTngZROzcCaM2tt0N4nI1IgGy3bKa6mAI+ASt86qEiA==;EndpointSuffix=core.windows.net",
            "secondary_dfs_endpoint": null,
            "secondary_dfs_host": null,
            "secondary_dfs_internet_endpoint": null,
            "secondary_dfs_internet_host": null,
            "secondary_dfs_microsoft_endpoint": null,
            "secondary_dfs_microsoft_host": null,
            "secondary_file_endpoint": null,
            "secondary_file_host": null,
            "secondary_file_internet_endpoint": null,
            "secondary_file_internet_host": null,
            "secondary_file_microsoft_endpoint": null,
            "secondary_file_microsoft_host": null,
            "secondary_location": "",
            "secondary_queue_endpoint": null,
            "secondary_queue_host": null,
            "secondary_queue_microsoft_endpoint": null,
            "secondary_queue_microsoft_host": null,
            "secondary_table_endpoint": null,
            "secondary_table_host": null,
            "secondary_table_microsoft_endpoint": null,
            "secondary_table_microsoft_host": null,
            "secondary_web_endpoint": null,
            "secondary_web_host": null,
            "secondary_web_internet_endpoint": null,
            "secondary_web_internet_host": null,
            "secondary_web_microsoft_endpoint": null,
            "secondary_web_microsoft_host": null,
            "sftp_enabled": false,
            "share_properties": [
              {
                "cors_rule": [],
                "retention_policy": [
                  {
                    "days": 7
                  }
                ],
                "smb": []
              }
            ],
            "shared_access_key_enabled": true,
            "static_website": [],
            "table_encryption_key_type": "Service",
            "tags": null,
            "timeouts": null
          },
          "sensitive_attributes": [],
          "private": "eyJlMmJmYjczMC1lY2FhLTExZTYtOGY4OC0zNDM2M2JjN2M0YzAiOnsiY3JlYXRlIjozNjAwMDAwMDAwMDAwLCJkZWxldGUiOjM2MDAwMDAwMDAwMDAsInJlYWQiOjMwMDAwMDAwMDAwMCwidXBkYXRlIjozNjAwMDAwMDAwMDAwfSwic2NoZW1hX3ZlcnNpb24iOiI0In0=",
          "dependencies": [
            "azurerm_resource_group.RG"
          ]
        }
      ]
    },
    {
      "mode": "managed",
      "type": "azurerm_storage_container",
      "name": "cont1",
      "provider": "provider[\"registry.terraform.io/hashicorp/azurerm\"]",
      "instances": [
        {
          "schema_version": 1,
          "attributes": {
            "container_access_type": "private",
            "has_immutability_policy": false,
            "has_legal_hold": false,
            "id": "https://rockykgf9000908.blob.core.windows.net/rocky",
            "metadata": {},
            "name": "rocky",
            "resource_manager_id": "/subscriptions/0eda5b5d-565f-444b-8f43-5c989520b42e/resourceGroups/RG-35/providers/Microsoft.Storage/storageAccounts/rockykgf9000908/blobServices/default/containers/rocky",
            "storage_account_name": "rockykgf9000908",
            "timeouts": null
          },
          "sensitive_attributes": [],
          "private": "eyJlMmJmYjczMC1lY2FhLTExZTYtOGY4OC0zNDM2M2JjN2M0YzAiOnsiY3JlYXRlIjoxODAwMDAwMDAwMDAwLCJkZWxldGUiOjE4MDAwMDAwMDAwMDAsInJlYWQiOjMwMDAwMDAwMDAwMCwidXBkYXRlIjoxODAwMDAwMDAwMDAwfSwic2NoZW1hX3ZlcnNpb24iOiIxIn0=",
          "dependencies": [
            "azurerm_resource_group.RG",
            "azurerm_storage_account.storage"
          ]
        }
      ]
    },
    {
      "mode": "managed",
      "type": "azurerm_subnet",
      "name": "Snet",
      "provider": "provider[\"registry.terraform.io/hashicorp/azurerm\"]",
      "instances": [
        {
          "index_key": 0,
          "schema_version": 0,
          "attributes": {
            "address_prefixes": [
              "10.2.45.0/24"
            ],
            "delegation": [],
            "enforce_private_link_endpoint_network_policies": false,
            "enforce_private_link_service_network_policies": false,
            "id": "/subscriptions/0eda5b5d-565f-444b-8f43-5c989520b42e/resourceGroups/RG-35/providers/Microsoft.Network/virtualNetworks/Vnet-08/subnets/subnet-01",
            "name": "subnet-01",
            "private_endpoint_network_policies_enabled": true,
            "private_link_service_network_policies_enabled": true,
            "resource_group_name": "RG-35",
            "service_endpoint_policy_ids": null,
            "service_endpoints": null,
            "timeouts": null,
            "virtual_network_name": "Vnet-08"
          },
          "sensitive_attributes": [],
          "private": "eyJlMmJmYjczMC1lY2FhLTExZTYtOGY4OC0zNDM2M2JjN2M0YzAiOnsiY3JlYXRlIjoxODAwMDAwMDAwMDAwLCJkZWxldGUiOjE4MDAwMDAwMDAwMDAsInJlYWQiOjMwMDAwMDAwMDAwMCwidXBkYXRlIjoxODAwMDAwMDAwMDAwfX0=",
          "dependencies": [
            "azurerm_resource_group.RG",
            "azurerm_virtual_network.vnet"
          ]
        },
        {
          "index_key": 1,
          "schema_version": 0,
          "attributes": {
            "address_prefixes": [
              "10.2.46.0/24"
            ],
            "delegation": [],
            "enforce_private_link_endpoint_network_policies": false,
            "enforce_private_link_service_network_policies": false,
            "id": "/subscriptions/0eda5b5d-565f-444b-8f43-5c989520b42e/resourceGroups/RG-35/providers/Microsoft.Network/virtualNetworks/Vnet-08/subnets/subnet-02",
            "name": "subnet-02",
            "private_endpoint_network_policies_enabled": true,
            "private_link_service_network_policies_enabled": true,
            "resource_group_name": "RG-35",
            "service_endpoint_policy_ids": null,
            "service_endpoints": null,
            "timeouts": null,
            "virtual_network_name": "Vnet-08"
          },
          "sensitive_attributes": [],
          "private": "eyJlMmJmYjczMC1lY2FhLTExZTYtOGY4OC0zNDM2M2JjN2M0YzAiOnsiY3JlYXRlIjoxODAwMDAwMDAwMDAwLCJkZWxldGUiOjE4MDAwMDAwMDAwMDAsInJlYWQiOjMwMDAwMDAwMDAwMCwidXBkYXRlIjoxODAwMDAwMDAwMDAwfX0=",
          "dependencies": [
            "azurerm_resource_group.RG",
            "azurerm_virtual_network.vnet"
          ]
        }
      ]
    },
    {
      "mode": "managed",
      "type": "azurerm_subnet_network_security_group_association",
      "name": "nsgassociation",
      "provider": "provider[\"registry.terraform.io/hashicorp/azurerm\"]",
      "instances": [
        {
          "schema_version": 0,
          "attributes": {
            "id": "/subscriptions/0eda5b5d-565f-444b-8f43-5c989520b42e/resourceGroups/RG-35/providers/Microsoft.Network/virtualNetworks/Vnet-08/subnets/subnet-01",
            "network_security_group_id": "/subscriptions/0eda5b5d-565f-444b-8f43-5c989520b42e/resourceGroups/RG-35/providers/Microsoft.Network/networkSecurityGroups/NSG-08",
            "subnet_id": "/subscriptions/0eda5b5d-565f-444b-8f43-5c989520b42e/resourceGroups/RG-35/providers/Microsoft.Network/virtualNetworks/Vnet-08/subnets/subnet-01",
            "timeouts": null
          },
          "sensitive_attributes": [],
          "private": "eyJlMmJmYjczMC1lY2FhLTExZTYtOGY4OC0zNDM2M2JjN2M0YzAiOnsiY3JlYXRlIjoxODAwMDAwMDAwMDAwLCJkZWxldGUiOjE4MDAwMDAwMDAwMDAsInJlYWQiOjMwMDAwMDAwMDAwMH19",
          "dependencies": [
            "azurerm_network_interface.Nic",
            "azurerm_network_security_group.NSG",
            "azurerm_public_ip.PIP",
            "azurerm_resource_group.RG",
            "azurerm_subnet.Snet",
            "azurerm_virtual_network.vnet"
          ]
        }
      ]
    },
    {
      "mode": "managed",
      "type": "azurerm_subnet_network_security_group_association",
      "name": "nsgassociation2",
      "provider": "provider[\"registry.terraform.io/hashicorp/azurerm\"]",
      "instances": [
        {
          "schema_version": 0,
          "attributes": {
            "id": "/subscriptions/0eda5b5d-565f-444b-8f43-5c989520b42e/resourceGroups/RG-35/providers/Microsoft.Network/virtualNetworks/Vnet-08/subnets/subnet-02",
            "network_security_group_id": "/subscriptions/0eda5b5d-565f-444b-8f43-5c989520b42e/resourceGroups/RG-35/providers/Microsoft.Network/networkSecurityGroups/NSG-08",
            "subnet_id": "/subscriptions/0eda5b5d-565f-444b-8f43-5c989520b42e/resourceGroups/RG-35/providers/Microsoft.Network/virtualNetworks/Vnet-08/subnets/subnet-02",
            "timeouts": null
          },
          "sensitive_attributes": [],
          "private": "eyJlMmJmYjczMC1lY2FhLTExZTYtOGY4OC0zNDM2M2JjN2M0YzAiOnsiY3JlYXRlIjoxODAwMDAwMDAwMDAwLCJkZWxldGUiOjE4MDAwMDAwMDAwMDAsInJlYWQiOjMwMDAwMDAwMDAwMH19",
          "dependencies": [
            "azurerm_network_interface.Nic",
            "azurerm_network_security_group.NSG",
            "azurerm_public_ip.PIP",
            "azurerm_resource_group.RG",
            "azurerm_subnet.Snet",
            "azurerm_subnet_network_security_group_association.nsgassociation",
            "azurerm_virtual_network.vnet"
          ]
        }
      ]
    },
    {
      "mode": "managed",
      "type": "azurerm_virtual_network",
      "name": "vnet",
      "provider": "provider[\"registry.terraform.io/hashicorp/azurerm\"]",
      "instances": [
        {
          "schema_version": 0,
          "attributes": {
            "address_space": [
              "10.2.0.0/16"
            ],
            "bgp_community": "",
            "ddos_protection_plan": [],
            "dns_servers": [],
            "edge_zone": "",
            "encryption": [],
            "flow_timeout_in_minutes": 0,
            "guid": "94c6e128-8da9-43fe-9066-146aff492af7",
            "id": "/subscriptions/0eda5b5d-565f-444b-8f43-5c989520b42e/resourceGroups/RG-35/providers/Microsoft.Network/virtualNetworks/Vnet-08",
            "location": "eastus",
            "name": "Vnet-08",
            "resource_group_name": "RG-35",
            "subnet": [],
            "tags": null,
            "timeouts": null
          },
          "sensitive_attributes": [],
          "private": "eyJlMmJmYjczMC1lY2FhLTExZTYtOGY4OC0zNDM2M2JjN2M0YzAiOnsiY3JlYXRlIjoxODAwMDAwMDAwMDAwLCJkZWxldGUiOjE4MDAwMDAwMDAwMDAsInJlYWQiOjMwMDAwMDAwMDAwMCwidXBkYXRlIjoxODAwMDAwMDAwMDAwfX0=",
          "dependencies": [
            "azurerm_resource_group.RG"
          ]
        }
      ]
    }
  ],
  "check_results": null
}
